
Microsoft Visual Studio Solution File, Format Version 12.00
# Visual Studio Version 17
VisualStudioVersion = 17.8.34309.116
MinimumVisualStudioVersion = 10.0.40219.1
Project("{9A19103F-16F7-4668-BE54-9A1E7A4F7556}") = "N8BlazorServerAuth", "N8BlazorServerAuth.csproj", "{20E74EA9-B00B-44EB-A680-0B21D7DFD3E8}"
EndProject
Global
	GlobalSection(SolutionConfigurationPlatforms) = preSolution
		Debug|Any CPU = Debug|Any CPU
		Release|Any CPU = Release|Any CPU
	EndGlobalSection
	GlobalSection(ProjectConfigurationPlatforms) = postSolution
		{20E74EA9-B00B-44EB-A680-0B21D7DFD3E8}.Debug|Any CPU.ActiveCfg = Debug|Any CPU
		{20E74EA9-B00B-44EB-A680-0B21D7DFD3E8}.Debug|Any CPU.Build.0 = Debug|Any CPU
		{20E74EA9-B00B-44EB-A680-0B21D7DFD3E8}.Release|Any CPU.ActiveCfg = Release|Any CPU
		{20E74EA9-B00B-44EB-A680-0B21D7DFD3E8}.Release|Any CPU.Build.0 = Release|Any CPU
	EndGlobalSection
	GlobalSection(SolutionProperties) = preSolution
		HideSolutionNode = FALSE
	EndGlobalSection
	GlobalSection(ExtensibilityGlobals) = postSolution
		SolutionGuid = {7E410FFC-240B-4C95-B98C-FFE382CECF6C}
	EndGlobalSection
EndGlobal
